
Microsoft Visual Studio Solution File, Format Version 12.00
# Visual Studio Version 16
VisualStudioVersion = 16.0.29728.190
MinimumVisualStudioVersion = 10.0.40219.1
Project("{FAE04EC0-301F-11D3-BF4B-00C04F79EFBC}") = "LojaVirtual.Api", "LojaVirtual.Api\LojaVirtual.Api.csproj", "{ED54CBD8-8978-448F-A84F-4447BFEB4A9F}"
EndProject
Global
	GlobalSection(SolutionConfigurationPlatforms) = preSolution
		Debug|Any CPU = Debug|Any CPU
		Release|Any CPU = Release|Any CPU
	EndGlobalSection
	GlobalSection(ProjectConfigurationPlatforms) = postSolution
		{ED54CBD8-8978-448F-A84F-4447BFEB4A9F}.Debug|Any CPU.ActiveCfg = Debug|Any CPU
		{ED54CBD8-8978-448F-A84F-4447BFEB4A9F}.Debug|Any CPU.Build.0 = Debug|Any CPU
		{ED54CBD8-8978-448F-A84F-4447BFEB4A9F}.Release|Any CPU.ActiveCfg = Release|Any CPU
		{ED54CBD8-8978-448F-A84F-4447BFEB4A9F}.Release|Any CPU.Build.0 = Release|Any CPU
	EndGlobalSection
	GlobalSection(SolutionProperties) = preSolution
		HideSolutionNode = FALSE
	EndGlobalSection
	GlobalSection(ExtensibilityGlobals) = postSolution
		SolutionGuid = {53766C4B-D4AA-4CA7-BF7B-6C715C6534F1}
	EndGlobalSection
EndGlobal
